# This file is automatically @generated by Cargo.
# It is not intended for manual editing.
version = 4

[[package]]
name = "canary-ffi"
version = "0.0.0"

[[package]]
name = "canary-path-member-listed"
version = "0.0.0"
dependencies = [
 "secrecy",
]

[[package]]
name = "canary-pi"
version = "0.0.0"

[[package]]
name = "canary-pi-sim"
version = "0.0.0"

[[package]]
name = "secrecy"
version = "0.10.3"
