# This file is automatically @generated by Cargo.
# It is not intended for manual editing.
version = 4

[[package]]
name = "canary-ffi"
version = "0.0.0"

[[package]]
name = "canary-path-member"
version = "0.0.0"
dependencies = [
 "getrandom",
]

[[package]]
name = "canary-pi"
version = "0.0.0"

[[package]]
name = "canary-pi-sim"
version = "0.0.0"

[[package]]
name = "getrandom"
version = "0.4.3"
