# This file is automatically @generated by Cargo.
# It is not intended for manual editing.
version = 4

[[package]]
name = "canary-ffi"
version = "0.0.0"

[[package]]
name = "canary-pi"
version = "0.0.0"

[[package]]
name = "canary-pi-sim"
version = "0.0.0"

[[package]]
name = "canary-source-replacement"
version = "0.0.0"
